
Microsoft Visual Studio Solution File, Format Version 11.00
# Visual Studio 2010
Project("{FAE04EC0-301F-11D3-BF4B-00C04F79EFBC}") = "ui.console", "ui.console\ui.console.csproj", "{78BCF4DB-B0A1-4644-9A33-CC91B9CAAFFF}"
EndProject
Project("{FAE04EC0-301F-11D3-BF4B-00C04F79EFBC}") = "source", "source\source.csproj", "{F6542A0B-8653-4439-A049-2D3F151C4357}"
EndProject
Global
	GlobalSection(SolutionConfigurationPlatforms) = preSolution
		Debug|Any CPU = Debug|Any CPU
		Debug|Mixed Platforms = Debug|Mixed Platforms
		Debug|x86 = Debug|x86
		Release|Any CPU = Release|Any CPU
		Release|Mixed Platforms = Release|Mixed Platforms
		Release|x86 = Release|x86
	EndGlobalSection
	GlobalSection(ProjectConfigurationPlatforms) = postSolution
		{78BCF4DB-B0A1-4644-9A33-CC91B9CAAFFF}.Debug|Any CPU.ActiveCfg = Debug|x86
		{78BCF4DB-B0A1-4644-9A33-CC91B9CAAFFF}.Debug|Mixed Platforms.ActiveCfg = Debug|x86
		{78BCF4DB-B0A1-4644-9A33-CC91B9CAAFFF}.Debug|Mixed Platforms.Build.0 = Debug|x86
		{78BCF4DB-B0A1-4644-9A33-CC91B9CAAFFF}.Debug|x86.ActiveCfg = Debug|x86
		{78BCF4DB-B0A1-4644-9A33-CC91B9CAAFFF}.Debug|x86.Build.0 = Debug|x86
		{78BCF4DB-B0A1-4644-9A33-CC91B9CAAFFF}.Release|Any CPU.ActiveCfg = Release|x86
		{78BCF4DB-B0A1-4644-9A33-CC91B9CAAFFF}.Release|Mixed Platforms.ActiveCfg = Release|x86
		{78BCF4DB-B0A1-4644-9A33-CC91B9CAAFFF}.Release|Mixed Platforms.Build.0 = Release|x86
		{78BCF4DB-B0A1-4644-9A33-CC91B9CAAFFF}.Release|x86.ActiveCfg = Release|x86
		{78BCF4DB-B0A1-4644-9A33-CC91B9CAAFFF}.Release|x86.Build.0 = Release|x86
		{F6542A0B-8653-4439-A049-2D3F151C4357}.Debug|Any CPU.ActiveCfg = Debug|Any CPU
		{F6542A0B-8653-4439-A049-2D3F151C4357}.Debug|Any CPU.Build.0 = Debug|Any CPU
		{F6542A0B-8653-4439-A049-2D3F151C4357}.Debug|Mixed Platforms.ActiveCfg = Debug|Any CPU
		{F6542A0B-8653-4439-A049-2D3F151C4357}.Debug|Mixed Platforms.Build.0 = Debug|Any CPU
		{F6542A0B-8653-4439-A049-2D3F151C4357}.Debug|x86.ActiveCfg = Debug|Any CPU
		{F6542A0B-8653-4439-A049-2D3F151C4357}.Release|Any CPU.ActiveCfg = Release|Any CPU
		{F6542A0B-8653-4439-A049-2D3F151C4357}.Release|Any CPU.Build.0 = Release|Any CPU
		{F6542A0B-8653-4439-A049-2D3F151C4357}.Release|Mixed Platforms.ActiveCfg = Release|Any CPU
		{F6542A0B-8653-4439-A049-2D3F151C4357}.Release|Mixed Platforms.Build.0 = Release|Any CPU
		{F6542A0B-8653-4439-A049-2D3F151C4357}.Release|x86.ActiveCfg = Release|Any CPU
	EndGlobalSection
	GlobalSection(SolutionProperties) = preSolution
		HideSolutionNode = FALSE
	EndGlobalSection
EndGlobal
